
Microsoft Visual Studio Solution File, Format Version 12.00
# Visual Studio Version 16
VisualStudioVersion = 16.0.31729.503
MinimumVisualStudioVersion = 10.0.40219.1
Project("{8BC9CEB8-8B4A-11D0-8D11-00A0C91BC942}") = "stackusingsinglylinkedlist", "stackusingsinglylinkedlist\stackusingsinglylinkedlist.vcxproj", "{F0B0E5C6-37DB-488F-8269-E9BC9DB7A0CC}"
EndProject
Project("{8BC9CEB8-8B4A-11D0-8D11-00A0C91BC942}") = "stackusingarray", "stackusingarray\stackusingarray.vcxproj", "{FB4C831E-9C84-49B3-B227-C9350FB4D4B5}"
EndProject
Global
	GlobalSection(SolutionConfigurationPlatforms) = preSolution
		Debug|x64 = Debug|x64
		Debug|x86 = Debug|x86
		Release|x64 = Release|x64
		Release|x86 = Release|x86
	EndGlobalSection
	GlobalSection(ProjectConfigurationPlatforms) = postSolution
		{F0B0E5C6-37DB-488F-8269-E9BC9DB7A0CC}.Debug|x64.ActiveCfg = Debug|x64
		{F0B0E5C6-37DB-488F-8269-E9BC9DB7A0CC}.Debug|x64.Build.0 = Debug|x64
		{F0B0E5C6-37DB-488F-8269-E9BC9DB7A0CC}.Debug|x86.ActiveCfg = Debug|Win32
		{F0B0E5C6-37DB-488F-8269-E9BC9DB7A0CC}.Debug|x86.Build.0 = Debug|Win32
		{F0B0E5C6-37DB-488F-8269-E9BC9DB7A0CC}.Release|x64.ActiveCfg = Release|x64
		{F0B0E5C6-37DB-488F-8269-E9BC9DB7A0CC}.Release|x64.Build.0 = Release|x64
		{F0B0E5C6-37DB-488F-8269-E9BC9DB7A0CC}.Release|x86.ActiveCfg = Release|Win32
		{F0B0E5C6-37DB-488F-8269-E9BC9DB7A0CC}.Release|x86.Build.0 = Release|Win32
		{FB4C831E-9C84-49B3-B227-C9350FB4D4B5}.Debug|x64.ActiveCfg = Debug|x64
		{FB4C831E-9C84-49B3-B227-C9350FB4D4B5}.Debug|x64.Build.0 = Debug|x64
		{FB4C831E-9C84-49B3-B227-C9350FB4D4B5}.Debug|x86.ActiveCfg = Debug|Win32
		{FB4C831E-9C84-49B3-B227-C9350FB4D4B5}.Debug|x86.Build.0 = Debug|Win32
		{FB4C831E-9C84-49B3-B227-C9350FB4D4B5}.Release|x64.ActiveCfg = Release|x64
		{FB4C831E-9C84-49B3-B227-C9350FB4D4B5}.Release|x64.Build.0 = Release|x64
		{FB4C831E-9C84-49B3-B227-C9350FB4D4B5}.Release|x86.ActiveCfg = Release|Win32
		{FB4C831E-9C84-49B3-B227-C9350FB4D4B5}.Release|x86.Build.0 = Release|Win32
	EndGlobalSection
	GlobalSection(SolutionProperties) = preSolution
		HideSolutionNode = FALSE
	EndGlobalSection
	GlobalSection(ExtensibilityGlobals) = postSolution
		SolutionGuid = {B362DF7C-53B5-47F3-8ECB-E2BDD849B991}
	EndGlobalSection
EndGlobal
